#
# This file is autogenerated by pip-compile with Python 3.11
# by the following command:
#
#    pip-compile --output-file=requirements.lock pyproject.toml
#
aiohappyeyeballs==2.7.1
    # via aiohttp
aiohttp==3.14.3
    # via kubernetes
aiosignal==1.4.0
    # via aiohttp
annotated-doc==0.0.5
    # via
    #   fastapi
    #   typer
annotated-types==0.8.0
    # via pydantic
anyio==4.14.2
    # via
    #   google-genai
    #   httpx
    #   httpx2
    #   openai
    #   starlette
    #   watchfiles
attrs==26.1.0
    # via
    #   aiohttp
    #   jsonschema
    #   referencing
audioread==3.1.0
    # via librosa
bcrypt==5.0.0
    # via chromadb
beautifulsoup4==4.15.0
    # via friday-agent (pyproject.toml)
build==1.6.0
    # via chromadb
certifi==2026.7.22
    # via
    #   httpcore
    #   httpx
    #   kubernetes
    #   requests
cffi==2.1.1
    # via
    #   cryptography
    #   pynacl
    #   sounddevice
    #   soundfile
charset-normalizer==3.5.1
    # via requests
chromadb==1.5.9
    # via friday-agent (pyproject.toml)
click==8.5.0
    # via
    #   duckduckgo-search
    #   huggingface-hub
    #   uvicorn
    #   x-wr-timezone
cloudpickle==3.1.2
    # via joblib
colorama==0.4.6
    # via
    #   build
    #   tqdm
    #   typer
comtypes==1.4.16
    # via
    #   pycaw
    #   pywinauto
cryptography==50.0.1
    # via
    #   google-auth
    #   pyjwt
decorator==5.3.1
    # via librosa
distro==1.9.0
    # via google-genai
duckduckgo-search==8.1.1
    # via friday-agent (pyproject.toml)
durationpy==0.11
    # via kubernetes
fastapi==0.141.1
    # via friday-agent (pyproject.toml)
filelock==3.32.5
    # via
    #   huggingface-hub
    #   torch
flatbuffers==25.12.19
    # via onnxruntime
frozenlist==1.8.0
    # via
    #   aiohttp
    #   aiosignal
fsspec==2026.7.0
    # via
    #   huggingface-hub
    #   torch
google-auth[requests]==2.57.0
    # via google-genai
google-genai==2.21.0
    # via friday-agent (pyproject.toml)
googleapis-common-protos==1.75.2
    # via opentelemetry-exporter-otlp-proto-grpc
grpcio==1.83.1
    # via
    #   chromadb
    #   opentelemetry-exporter-otlp-proto-grpc
h11==0.16.0
    # via
    #   httpcore
    #   httpcore2
    #   uvicorn
hf-xet==1.6.0
    # via huggingface-hub
httpcore==1.0.9
    # via httpx
httpcore2==2.12.0
    # via httpx2
httptools==0.8.0
    # via uvicorn
httpx==0.28.1
    # via
    #   chromadb
    #   friday-agent (pyproject.toml)
    #   google-genai
    #   huggingface-hub
httpx2==2.12.0
    # via openai
huggingface-hub==1.29.0
    # via tokenizers
icalendar==7.3.0
    # via
    #   friday-agent (pyproject.toml)
    #   recurring-ical-events
    #   x-wr-timezone
idna==3.19
    # via
    #   anyio
    #   httpx
    #   httpx2
    #   requests
    #   yarl
importlib-resources==7.1.0
    # via chromadb
jinja2==3.1.6
    # via torch
jiter==0.16.0
    # via openai
joblib==1.6.0
    # via
    #   librosa
    #   scikit-learn
jsonschema==4.26.0
    # via chromadb
jsonschema-specifications==2025.9.1
    # via jsonschema
kubernetes==36.0.3
    # via chromadb
lazy-loader==0.5
    # via librosa
librosa==0.11.0
    # via resemblyzer
llvmlite==0.49.0
    # via numba
lxml==6.1.3
    # via duckduckgo-search
markdown-it-py==4.2.0
    # via rich
markupsafe==3.0.3
    # via jinja2
mdurl==0.1.2
    # via markdown-it-py
mmh3==5.3.0
    # via chromadb
mpmath==1.3.0
    # via sympy
msgpack==1.2.2
    # via librosa
multidict==6.7.1
    # via
    #   aiohttp
    #   yarl
narwhals==2.25.0
    # via scikit-learn
networkx==3.6.1
    # via torch
numba==0.67.0
    # via librosa
numpy==2.4.6
    # via
    #   chromadb
    #   friday-agent (pyproject.toml)
    #   librosa
    #   numba
    #   onnxruntime
    #   resemblyzer
    #   scikit-learn
    #   scipy
    #   soundfile
    #   soxr
oauthlib==3.3.1
    # via requests-oauthlib
onnxruntime==1.29.0
    # via chromadb
openai==3.7.0
    # via friday-agent (pyproject.toml)
opentelemetry-api==1.44.0
    # via
    #   chromadb
    #   opentelemetry-exporter-otlp-proto-grpc
    #   opentelemetry-sdk
    #   opentelemetry-semantic-conventions
opentelemetry-exporter-otlp-proto-common==1.44.0
    # via opentelemetry-exporter-otlp-proto-grpc
opentelemetry-exporter-otlp-proto-grpc==1.44.0
    # via chromadb
opentelemetry-proto==1.44.0
    # via
    #   opentelemetry-exporter-otlp-proto-common
    #   opentelemetry-exporter-otlp-proto-grpc
opentelemetry-sdk==1.44.0
    # via
    #   chromadb
    #   opentelemetry-exporter-otlp-proto-grpc
opentelemetry-semantic-conventions==0.65b0
    # via opentelemetry-sdk
orjson==3.12.0
    # via chromadb
overrides==7.7.0
    # via chromadb
packaging==26.3
    # via
    #   build
    #   huggingface-hub
    #   lazy-loader
    #   onnxruntime
    #   pooch
    #   pytesseract
pillow==12.3.0
    # via
    #   friday-agent (pyproject.toml)
    #   pytesseract
platformdirs==4.11.7
    # via pooch
pooch==1.9.0
    # via librosa
primp==2.0.0
    # via duckduckgo-search
propcache==0.5.2
    # via
    #   aiohttp
    #   yarl
protobuf==7.36.1
    # via
    #   googleapis-common-protos
    #   onnxruntime
    #   opentelemetry-proto
psutil==7.2.2
    # via
    #   friday-agent (pyproject.toml)
    #   pycaw
pyasn1==0.6.4
    # via pyasn1-modules
pyasn1-modules==0.4.2
    # via google-auth
pybase64==1.5.0
    # via chromadb
pycaw==20251023 ; sys_platform == "win32"
    # via friday-agent (pyproject.toml)
pycparser==3.0
    # via cffi
pydantic==2.13.5
    # via
    #   chromadb
    #   fastapi
    #   friday-agent (pyproject.toml)
    #   google-genai
    #   openai
    #   pydantic-settings
pydantic-core==2.46.5
    # via pydantic
pydantic-settings==2.15.0
    # via
    #   chromadb
    #   friday-agent (pyproject.toml)
pygithub==2.10.0
    # via friday-agent (pyproject.toml)
pygments==2.21.0
    # via rich
pyjwt[crypto]==2.13.0
    # via pygithub
pynacl==1.6.2
    # via pygithub
pypika==0.51.1
    # via chromadb
pyproject-hooks==1.2.0
    # via build
pytesseract==0.3.13
    # via friday-agent (pyproject.toml)
python-dateutil==2.9.0.post0
    # via
    #   icalendar
    #   kubernetes
    #   recurring-ical-events
python-dotenv==1.2.3
    # via
    #   friday-agent (pyproject.toml)
    #   pydantic-settings
    #   uvicorn
pywin32==312
    # via pywinauto
pywinauto==0.6.9 ; sys_platform == "win32"
    # via friday-agent (pyproject.toml)
pyyaml==6.0.3
    # via
    #   chromadb
    #   huggingface-hub
    #   kubernetes
    #   uvicorn
recurring-ical-events==3.8.2
    # via friday-agent (pyproject.toml)
referencing==0.37.0
    # via
    #   jsonschema
    #   jsonschema-specifications
requests==2.34.2
    # via
    #   google-auth
    #   google-genai
    #   kubernetes
    #   pooch
    #   pygithub
    #   requests-oauthlib
requests-oauthlib==2.0.0
    # via kubernetes
resemblyzer==0.1.4
    # via friday-agent (pyproject.toml)
rich==15.0.0
    # via
    #   chromadb
    #   friday-agent (pyproject.toml)
    #   typer
rpds-py==2026.6.3
    # via
    #   jsonschema
    #   referencing
scikit-learn==1.9.0
    # via librosa
scipy==1.17.1
    # via
    #   librosa
    #   resemblyzer
    #   scikit-learn
shellingham==1.5.4
    # via typer
six==1.17.0
    # via
    #   kubernetes
    #   python-dateutil
    #   pywinauto
sniffio==1.3.1
    # via
    #   google-genai
    #   openai
sounddevice==0.5.6
    # via friday-agent (pyproject.toml)
soundfile==0.14.0
    # via librosa
soupsieve==2.9.2
    # via beautifulsoup4
soxr==1.1.0
    # via librosa
starlette==1.6.0
    # via fastapi
sympy==1.14.0
    # via torch
tenacity==9.1.4
    # via
    #   chromadb
    #   google-genai
threadpoolctl==3.6.0
    # via scikit-learn
tokenizers==0.23.1
    # via chromadb
torch==2.14.0
    # via resemblyzer
tqdm==4.70.0
    # via
    #   chromadb
    #   huggingface-hub
truststore==0.10.4
    # via
    #   httpcore2
    #   httpx2
typer==0.27.2
    # via chromadb
typing==3.7.4.3
    # via resemblyzer
typing-extensions==4.16.0
    # via
    #   aiohttp
    #   aiosignal
    #   anyio
    #   beautifulsoup4
    #   chromadb
    #   fastapi
    #   google-genai
    #   grpcio
    #   httpx2
    #   huggingface-hub
    #   icalendar
    #   librosa
    #   openai
    #   opentelemetry-api
    #   opentelemetry-exporter-otlp-proto-grpc
    #   opentelemetry-sdk
    #   opentelemetry-semantic-conventions
    #   pydantic
    #   pydantic-core
    #   pygithub
    #   referencing
    #   soundfile
    #   starlette
    #   torch
    #   typing-inspection
typing-inspection==0.4.4
    # via
    #   fastapi
    #   pydantic
    #   pydantic-settings
tzdata==2026.3
    # via
    #   icalendar
    #   recurring-ical-events
    #   x-wr-timezone
urllib3==2.7.0
    # via
    #   kubernetes
    #   pygithub
    #   requests
uvicorn[standard]==0.52.4
    # via
    #   chromadb
    #   friday-agent (pyproject.toml)
watchfiles==1.2.0
    # via uvicorn
webrtcvad==2.0.10
    # via resemblyzer
webrtcvad-wheels==2.0.14 ; sys_platform == "win32"
    # via friday-agent (pyproject.toml)
websocket-client==1.9.2
    # via kubernetes
websockets==16.1.1
    # via
    #   friday-agent (pyproject.toml)
    #   google-genai
    #   uvicorn
x-wr-timezone==2.0.1
    # via recurring-ical-events
yarl==1.24.5
    # via aiohttp

# The following packages are considered to be unsafe in a requirements file:
# setuptools
